// !$*UTF8*$!
{
	archiveVersion = 1;
	classes = {
	};
	objectVersion = 56;
	objects = {

/* Begin PBXBuildFile section */
		A5161A572A09A95D00D77666 /* ledControllerApp.swift in Sources */ = {isa = PBXBuildFile; fileRef = A5161A562A09A95D00D77666 /* ledControllerApp.swift */; };
		A5161A592A09A95D00D77666 /* ContentView.swift in Sources */ = {isa = PBXBuildFile; fileRef = A5161A582A09A95D00D77666 /* ContentView.swift */; };
		A5161A5B2A09A95F00D77666 /* Assets.xcassets in Resources */ = {isa = PBXBuildFile; fileRef = A5161A5A2A09A95F00D77666 /* Assets.xcassets */; };
		A5161A5E2A09A95F00D77666 /* Preview Assets.xcassets in Resources */ = {isa = PBXBuildFile; fileRef = A5161A5D2A09A95F00D77666 /* Preview Assets.xcassets */; };
		A5161A682A09A95F00D77666 /* ledControllerTests.swift in Sources */ = {isa = PBXBuildFile; fileRef = A5161A672A09A95F00D77666 /* ledControllerTests.swift */; };
		A5161A722A09A95F00D77666 /* ledControllerUITests.swift in Sources */ = {isa = PBXBuildFile; fileRef = A5161A712A09A95F00D77666 /* ledControllerUITests.swift */; };
		A5161A742A09A95F00D77666 /* ledControllerUITestsLaunchTests.swift in Sources */ = {isa = PBXBuildFile; fileRef = A5161A732A09A95F00D77666 /* ledControllerUITestsLaunchTests.swift */; };
		A5161A872A09AA5300D77666 /* AWSManager.swift in Sources */ = {isa = PBXBuildFile; fileRef = A5161A862A09AA5300D77666 /* AWSManager.swift */; };
		A5161A8F2A09ADD500D77666 /* AWSCore in Frameworks */ = {isa = PBXBuildFile; productRef = A5161A8E2A09ADD500D77666 /* AWSCore */; };
		A5161A912A09ADD500D77666 /* AWSIoT in Frameworks */ = {isa = PBXBuildFile; productRef = A5161A902A09ADD500D77666 /* AWSIoT */; };
		A5161A982A18C2AA00D77666 /* Secrets.swift in Sources */ = {isa = PBXBuildFile; fileRef = A5161A972A18C2AA00D77666 /* Secrets.swift */; };
/* End PBXBuildFile section */

/* Begin PBXContainerItemProxy section */
		A5161A642A09A95F00D77666 /* PBXContainerItemProxy */ = {
			isa = PBXContainerItemProxy;
			containerPortal = A5161A4B2A09A95D00D77666 /* Project object */;
			proxyType = 1;
			remoteGlobalIDString = A5161A522A09A95D00D77666;
			remoteInfo = ledController;
		};
		A5161A6E2A09A95F00D77666 /* PBXContainerItemProxy */ = {
			isa = PBXContainerItemProxy;
			containerPortal = A5161A4B2A09A95D00D77666 /* Project object */;
			proxyType = 1;
			remoteGlobalIDString = A5161A522A09A95D00D77666;
			remoteInfo = ledController;
		};
/* End PBXContainerItemProxy section */

/* Begin PBXFileReference section */
		A5161A532A09A95D00D77666 /* ledController.app */ = {isa = PBXFileReference; explicitFileType = wrapper.application; includeInIndex = 0; path = ledController.app; sourceTree = BUILT_PRODUCTS_DIR; };
		A5161A562A09A95D00D77666 /* ledControllerApp.swift */ = {isa = PBXFileReference; lastKnownFileType = sourcecode.swift; path = ledControllerApp.swift; sourceTree = "<group>"; };
		A5161A582A09A95D00D77666 /* ContentView.swift */ = {isa = PBXFileReference; lastKnownFileType = sourcecode.swift; path = ContentView.swift; sourceTree = "<group>"; };
		A5161A5A2A09A95F00D77666 /* Assets.xcassets */ = {isa = PBXFileReference; lastKnownFileType = folder.assetcatalog; path = Assets.xcassets; sourceTree = "<group>"; };
		A5161A5D2A09A95F00D77666 /* Preview Assets.xcassets */ = {isa = PBXFileReference; lastKnownFileType = folder.assetcatalog; path = "Preview Assets.xcassets"; sourceTree = "<group>"; };
		A5161A632A09A95F00D77666 /* ledControllerTests.xctest */ = {isa = PBXFileReference; explicitFileType = wrapper.cfbundle; includeInIndex = 0; path = ledControllerTests.xctest; sourceTree = BUILT_PRODUCTS_DIR; };
		A5161A672A09A95F00D77666 /* ledControllerTests.swift */ = {isa = PBXFileReference; lastKnownFileType = sourcecode.swift; path = ledControllerTests.swift; sourceTree = "<group>"; };
		A5161A6D2A09A95F00D77666 /* ledControllerUITests.xctest */ = {isa = PBXFileReference; explicitFileType = wrapper.cfbundle; includeInIndex = 0; path = ledControllerUITests.xctest; sourceTree = BUILT_PRODUCTS_DIR; };
		A5161A712A09A95F00D77666 /* ledControllerUITests.swift */ = {isa = PBXFileReference; lastKnownFileType = sourcecode.swift; path = ledControllerUITests.swift; sourceTree = "<group>"; };
		A5161A732A09A95F00D77666 /* ledControllerUITestsLaunchTests.swift */ = {isa = PBXFileReference; lastKnownFileType = sourcecode.swift; path = ledControllerUITestsLaunchTests.swift; sourceTree = "<group>"; };
		A5161A862A09AA5300D77666 /* AWSManager.swift */ = {isa = PBXFileReference; lastKnownFileType = sourcecode.swift; path = AWSManager.swift; sourceTree = "<group>"; };
		A5161A972A18C2AA00D77666 /* Secrets.swift */ = {isa = PBXFileReference; lastKnownFileType = sourcecode.swift; path = Secrets.swift; sourceTree = "<group>"; };
/* End PBXFileReference section */

/* Begin PBXFrameworksBuildPhase section */
		A5161A502A09A95D00D77666 /* Frameworks */ = {
			isa = PBXFrameworksBuildPhase;
			buildActionMask = 2147483647;
			files = (
				A5161A8F2A09ADD500D77666 /* AWSCore in Frameworks */,
				A5161A912A09ADD500D77666 /* AWSIoT in Frameworks */,
			);
			runOnlyForDeploymentPostprocessing = 0;
		};
		A5161A602A09A95F00D77666 /* Frameworks */ = {
			isa = PBXFrameworksBuildPhase;
			buildActionMask = 2147483647;
			files = (
			);
			runOnlyForDeploymentPostprocessing = 0;
		};
		A5161A6A2A09A95F00D77666 /* Frameworks */ = {
			isa = PBXFrameworksBuildPhase;
			buildActionMask = 2147483647;
			files = (
			);
			runOnlyForDeploymentPostprocessing = 0;
		};
/* End PBXFrameworksBuildPhase section */

/* Begin PBXGroup section */
		A5161A4A2A09A95D00D77666 = {
			isa = PBXGroup;
			children = (
				A5161A552A09A95D00D77666 /* ledController */,
				A5161A662A09A95F00D77666 /* ledControllerTests */,
				A5161A702A09A95F00D77666 /* ledControllerUITests */,
				A5161A542A09A95D00D77666 /* Products */,
			);
			sourceTree = "<group>";
		};
		A5161A542A09A95D00D77666 /* Products */ = {
			isa = PBXGroup;
			children = (
				A5161A532A09A95D00D77666 /* ledController.app */,
				A5161A632A09A95F00D77666 /* ledControllerTests.xctest */,
				A5161A6D2A09A95F00D77666 /* ledControllerUITests.xctest */,
			);
			name = Products;
			sourceTree = "<group>";
		};
		A5161A552A09A95D00D77666 /* ledController */ = {
			isa = PBXGroup;
			children = (
				A5161A922A18AC7900D77666 /* Managers */,
				A5161A562A09A95D00D77666 /* ledControllerApp.swift */,
				A5161A582A09A95D00D77666 /* ContentView.swift */,
				A5161A5A2A09A95F00D77666 /* Assets.xcassets */,
				A5161A5C2A09A95F00D77666 /* Preview Content */,
				A5161A972A18C2AA00D77666 /* Secrets.swift */,
			);
			path = ledController;
			sourceTree = "<group>";
		};
		A5161A5C2A09A95F00D77666 /* Preview Content */ = {
			isa = PBXGroup;
			children = (
				A5161A5D2A09A95F00D77666 /* Preview Assets.xcassets */,
			);
			path = "Preview Content";
			sourceTree = "<group>";
		};
		A5161A662A09A95F00D77666 /* ledControllerTests */ = {
			isa = PBXGroup;
			children = (
				A5161A672A09A95F00D77666 /* ledControllerTests.swift */,
			);
			path = ledControllerTests;
			sourceTree = "<group>";
		};
		A5161A702A09A95F00D77666 /* ledControllerUITests */ = {
			isa = PBXGroup;
			children = (
				A5161A712A09A95F00D77666 /* ledControllerUITests.swift */,
				A5161A732A09A95F00D77666 /* ledControllerUITestsLaunchTests.swift */,
			);
			path = ledControllerUITests;
			sourceTree = "<group>";
		};
		A5161A922A18AC7900D77666 /* Managers */ = {
			isa = PBXGroup;
			children = (
				A5161A862A09AA5300D77666 /* AWSManager.swift */,
			);
			path = Managers;
			sourceTree = "<group>";
		};
/* End PBXGroup section */

/* Begin PBXNativeTarget section */
		A5161A522A09A95D00D77666 /* ledController */ = {
			isa = PBXNativeTarget;
			buildConfigurationList = A5161A772A09A95F00D77666 /* Build configuration list for PBXNativeTarget "ledController" */;
			buildPhases = (
				A5161A4F2A09A95D00D77666 /* Sources */,
				A5161A502A09A95D00D77666 /* Frameworks */,
				A5161A512A09A95D00D77666 /* Resources */,
			);
			buildRules = (
			);
			dependencies = (
			);
			name = ledController;
			packageProductDependencies = (
				A5161A8E2A09ADD500D77666 /* AWSCore */,
				A5161A902A09ADD500D77666 /* AWSIoT */,
			);
			productName = ledController;
			productReference = A5161A532A09A95D00D77666 /* ledController.app */;
			productType = "com.apple.product-type.application";
		};
		A5161A622A09A95F00D77666 /* ledControllerTests */ = {
			isa = PBXNativeTarget;
			buildConfigurationList = A5161A7A2A09A95F00D77666 /* Build configuration list for PBXNativeTarget "ledControllerTests" */;
			buildPhases = (
				A5161A5F2A09A95F00D77666 /* Sources */,
				A5161A602A09A95F00D77666 /* Frameworks */,
				A5161A612A09A95F00D77666 /* Resources */,
			);
			buildRules = (
			);
			dependencies = (
				A5161A652A09A95F00D77666 /* PBXTargetDependency */,
			);
			name = ledControllerTests;
			productName = ledControllerTests;
			productReference = A5161A632A09A95F00D77666 /* ledControllerTests.xctest */;
			productType = "com.apple.product-type.bundle.unit-test";
		};
		A5161A6C2A09A95F00D77666 /* ledControllerUITests */ = {
			isa = PBXNativeTarget;
			buildConfigurationList = A5161A7D2A09A95F00D77666 /* Build configuration list for PBXNativeTarget "ledControllerUITests" */;
			buildPhases = (
				A5161A692A09A95F00D77666 /* Sources */,
				A5161A6A2A09A95F00D77666 /* Frameworks */,
				A5161A6B2A09A95F00D77666 /* Resources */,
			);
			buildRules = (
			);
			dependencies = (
				A5161A6F2A09A95F00D77666 /* PBXTargetDependency */,
			);
			name = ledControllerUITests;
			productName = ledControllerUITests;
			productReference = A5161A6D2A09A95F00D77666 /* ledControllerUITests.xctest */;
			productType = "com.apple.product-type.bundle.ui-testing";
		};
/* End PBXNativeTarget section */

/* Begin PBXProject section */
		A5161A4B2A09A95D00D77666 /* Project object */ = {
			isa = PBXProject;
			attributes = {
				BuildIndependentTargetsInParallel = 1;
				LastSwiftUpdateCheck = 1430;
				LastUpgradeCheck = 1430;
				TargetAttributes = {
					A5161A522A09A95D00D77666 = {
						CreatedOnToolsVersion = 14.3;
					};
					A5161A622A09A95F00D77666 = {
						CreatedOnToolsVersion = 14.3;
						TestTargetID = A5161A522A09A95D00D77666;
					};
					A5161A6C2A09A95F00D77666 = {
						CreatedOnToolsVersion = 14.3;
						TestTargetID = A5161A522A09A95D00D77666;
					};
				};
			};
			buildConfigurationList = A5161A4E2A09A95D00D77666 /* Build configuration list for PBXProject "ledController" */;
			compatibilityVersion = "Xcode 14.0";
			developmentRegion = en;
			hasScannedForEncodings = 0;
			knownRegions = (
				en,
				Base,
			);
			mainGroup = A5161A4A2A09A95D00D77666;
			packageReferences = (
				A5161A8D2A09ADD500D77666 /* XCRemoteSwiftPackageReference "aws-sdk-ios-spm" */,
			);
			productRefGroup = A5161A542A09A95D00D77666 /* Products */;
			projectDirPath = "";
			projectRoot = "";
			targets = (
				A5161A522A09A95D00D77666 /* ledController */,
				A5161A622A09A95F00D77666 /* ledControllerTests */,
				A5161A6C2A09A95F00D77666 /* ledControllerUITests */,
			);
		};
/* End PBXProject section */

/* Begin PBXResourcesBuildPhase section */
		A5161A512A09A95D00D77666 /* Resources */ = {
			isa = PBXResourcesBuildPhase;
			buildActionMask = 2147483647;
			files = (
				A5161A5E2A09A95F00D77666 /* Preview Assets.xcassets in Resources */,
				A5161A5B2A09A95F00D77666 /* Assets.xcassets in Resources */,
			);
			runOnlyForDeploymentPostprocessing = 0;
		};
		A5161A612A09A95F00D77666 /* Resources */ = {
			isa = PBXResourcesBuildPhase;
			buildActionMask = 2147483647;
			files = (
			);
			runOnlyForDeploymentPostprocessing = 0;
		};
		A5161A6B2A09A95F00D77666 /* Resources */ = {
			isa = PBXResourcesBuildPhase;
			buildActionMask = 2147483647;
			files = (
			);
			runOnlyForDeploymentPostprocessing = 0;
		};
/* End PBXResourcesBuildPhase section */

/* Begin PBXSourcesBuildPhase section */
		A5161A4F2A09A95D00D77666 /* Sources */ = {
			isa = PBXSourcesBuildPhase;
			buildActionMask = 2147483647;
			files = (
				A5161A592A09A95D00D77666 /* ContentView.swift in Sources */,
				A5161A982A18C2AA00D77666 /* Secrets.swift in Sources */,
				A5161A872A09AA5300D77666 /* AWSManager.swift in Sources */,
				A5161A572A09A95D00D77666 /* ledControllerApp.swift in Sources */,
			);
			runOnlyForDeploymentPostprocessing = 0;
		};
		A5161A5F2A09A95F00D77666 /* Sources */ = {
			isa = PBXSourcesBuildPhase;
			buildActionMask = 2147483647;
			files = (
				A5161A682A09A95F00D77666 /* ledControllerTests.swift in Sources */,
			);
			runOnlyForDeploymentPostprocessing = 0;
		};
		A5161A692A09A95F00D77666 /* Sources */ = {
			isa = PBXSourcesBuildPhase;
			buildActionMask = 2147483647;
			files = (
				A5161A742A09A95F00D77666 /* ledControllerUITestsLaunchTests.swift in Sources */,
				A5161A722A09A95F00D77666 /* ledControllerUITests.swift in Sources */,
			);
			runOnlyForDeploymentPostprocessing = 0;
		};
/* End PBXSourcesBuildPhase section */

/* Begin PBXTargetDependency section */
		A5161A652A09A95F00D77666 /* PBXTargetDependency */ = {
			isa = PBXTargetDependency;
			target = A5161A522A09A95D00D77666 /* ledController */;
			targetProxy = A5161A642A09A95F00D77666 /* PBXContainerItemProxy */;
		};
		A5161A6F2A09A95F00D77666 /* PBXTargetDependency */ = {
			isa = PBXTargetDependency;
			target = A5161A522A09A95D00D77666 /* ledController */;
			targetProxy = A5161A6E2A09A95F00D77666 /* PBXContainerItemProxy */;
		};
/* End PBXTargetDependency section */

/* Begin XCBuildConfiguration section */
		A5161A752A09A95F00D77666 /* Debug */ = {
			isa = XCBuildConfiguration;
			buildSettings = {
				ALWAYS_SEARCH_USER_PATHS = NO;
				CLANG_ANALYZER_NONNULL = YES;
				CLANG_ANALYZER_NUMBER_OBJECT_CONVERSION = YES_AGGRESSIVE;
				CLANG_CXX_LANGUAGE_STANDARD = "gnu++20";
				CLANG_ENABLE_MODULES = YES;
				CLANG_ENABLE_OBJC_ARC = YES;
				CLANG_ENABLE_OBJC_WEAK = YES;
				CLANG_WARN_BLOCK_CAPTURE_AUTORELEASING = YES;
				CLANG_WARN_BOOL_CONVERSION = YES;
				CLANG_WARN_COMMA = YES;
				CLANG_WARN_CONSTANT_CONVERSION = YES;
				CLANG_WARN_DEPRECATED_OBJC_IMPLEMENTATIONS = YES;
				CLANG_WARN_DIRECT_OBJC_ISA_USAGE = YES_ERROR;
				CLANG_WARN_DOCUMENTATION_COMMENTS = YES;
				CLANG_WARN_EMPTY_BODY = YES;
				CLANG_WARN_ENUM_CONVERSION = YES;
				CLANG_WARN_INFINITE_RECURSION = YES;
				CLANG_WARN_INT_CONVERSION = YES;
				CLANG_WARN_NON_LITERAL_NULL_CONVERSION = YES;
				CLANG_WARN_OBJC_IMPLICIT_RETAIN_SELF = YES;
				CLANG_WARN_OBJC_LITERAL_CONVERSION = YES;
				CLANG_WARN_OBJC_ROOT_CLASS = YES_ERROR;
				CLANG_WARN_QUOTED_INCLUDE_IN_FRAMEWORK_HEADER = YES;
				CLANG_WARN_RANGE_LOOP_ANALYSIS = YES;
				CLANG_WARN_STRICT_PROTOTYPES = YES;
				CLANG_WARN_SUSPICIOUS_MOVE = YES;
				CLANG_WARN_UNGUARDED_AVAILABILITY = YES_AGGRESSIVE;
				CLANG_WARN_UNREACHABLE_CODE = YES;
				CLANG_WARN__DUPLICATE_METHOD_MATCH = YES;
				COPY_PHASE_STRIP = NO;
				DEBUG_INFORMATION_FORMAT = dwarf;
				ENABLE_STRICT_OBJC_MSGSEND = YES;
				ENABLE_TESTABILITY = YES;
				GCC_C_LANGUAGE_STANDARD = gnu11;
				GCC_DYNAMIC_NO_PIC = NO;
				GCC_NO_COMMON_BLOCKS = YES;
				GCC_OPTIMIZATION_LEVEL = 0;
				GCC_PREPROCESSOR_DEFINITIONS = (
					"DEBUG=1",
					"$(inherited)",
				);
				GCC_WARN_64_TO_32_BIT_CONVERSION = YES;
				GCC_WARN_ABOUT_RETURN_TYPE = YES_ERROR;
				GCC_WARN_UNDECLARED_SELECTOR = YES;
				GCC_WARN_UNINITIALIZED_AUTOS = YES_AGGRESSIVE;
				GCC_WARN_UNUSED_FUNCTION = YES;
				GCC_WARN_UNUSED_VARIABLE = YES;
				IPHONEOS_DEPLOYMENT_TARGET = 16.4;
				MTL_ENABLE_DEBUG_INFO = INCLUDE_SOURCE;
				MTL_FAST_MATH = YES;
				ONLY_ACTIVE_ARCH = YES;
				SDKROOT = iphoneos;
				SWIFT_ACTIVE_COMPILATION_CONDITIONS = DEBUG;
				SWIFT_OPTIMIZATION_LEVEL = "-Onone";
			};
			name = Debug;
		};
		A5161A762A09A95F00D77666 /* Release */ = {
			isa = XCBuildConfiguration;
			buildSettings = {
				ALWAYS_SEARCH_USER_PATHS = NO;
				CLANG_ANALYZER_NONNULL = YES;
				CLANG_ANALYZER_NUMBER_OBJECT_CONVERSION = YES_AGGRESSIVE;
				CLANG_CXX_LANGUAGE_STANDARD = "gnu++20";
				CLANG_ENABLE_MODULES = YES;
				CLANG_ENABLE_OBJC_ARC = YES;
				CLANG_ENABLE_OBJC_WEAK = YES;
				CLANG_WARN_BLOCK_CAPTURE_AUTORELEASING = YES;
				CLANG_WARN_BOOL_CONVERSION = YES;
				CLANG_WARN_COMMA = YES;
				CLANG_WARN_CONSTANT_CONVERSION = YES;
				CLANG_WARN_DEPRECATED_OBJC_IMPLEMENTATIONS = YES;
				CLANG_WARN_DIRECT_OBJC_ISA_USAGE = YES_ERROR;
				CLANG_WARN_DOCUMENTATION_COMMENTS = YES;
				CLANG_WARN_EMPTY_BODY = YES;
				CLANG_WARN_ENUM_CONVERSION = YES;
				CLANG_WARN_INFINITE_RECURSION = YES;
				CLANG_WARN_INT_CONVERSION = YES;
				CLANG_WARN_NON_LITERAL_NULL_CONVERSION = YES;
				CLANG_WARN_OBJC_IMPLICIT_RETAIN_SELF = YES;
				CLANG_WARN_OBJC_LITERAL_CONVERSION = YES;
				CLANG_WARN_OBJC_ROOT_CLASS = YES_ERROR;
				CLANG_WARN_QUOTED_INCLUDE_IN_FRAMEWORK_HEADER = YES;
				CLANG_WARN_RANGE_LOOP_ANALYSIS = YES;
				CLANG_WARN_STRICT_PROTOTYPES = YES;
				CLANG_WARN_SUSPICIOUS_MOVE = YES;
				CLANG_WARN_UNGUARDED_AVAILABILITY = YES_AGGRESSIVE;
				CLANG_WARN_UNREACHABLE_CODE = YES;
				CLANG_WARN__DUPLICATE_METHOD_MATCH = YES;
				COPY_PHASE_STRIP = NO;
				DEBUG_INFORMATION_FORMAT = "dwarf-with-dsym";
				ENABLE_NS_ASSERTIONS = NO;
				ENABLE_STRICT_OBJC_MSGSEND = YES;
				GCC_C_LANGUAGE_STANDARD = gnu11;
				GCC_NO_COMMON_BLOCKS = YES;
				GCC_WARN_64_TO_32_BIT_CONVERSION = YES;
				GCC_WARN_ABOUT_RETURN_TYPE = YES_ERROR;
				GCC_WARN_UNDECLARED_SELECTOR = YES;
				GCC_WARN_UNINITIALIZED_AUTOS = YES_AGGRESSIVE;
				GCC_WARN_UNUSED_FUNCTION = YES;
				GCC_WARN_UNUSED_VARIABLE = YES;
				IPHONEOS_DEPLOYMENT_TARGET = 16.4;
				MTL_ENABLE_DEBUG_INFO = NO;
				MTL_FAST_MATH = YES;
				SDKROOT = iphoneos;
				SWIFT_COMPILATION_MODE = wholemodule;
				SWIFT_OPTIMIZATION_LEVEL = "-O";
				VALIDATE_PRODUCT = YES;
			};
			name = Release;
		};
		A5161A782A09A95F00D77666 /* Debug */ = {
			isa = XCBuildConfiguration;
			buildSettings = {
				ASSETCATALOG_COMPILER_APPICON_NAME = AppIcon;
				ASSETCATALOG_COMPILER_GLOBAL_ACCENT_COLOR_NAME = AccentColor;
				CODE_SIGN_STYLE = Automatic;
				CURRENT_PROJECT_VERSION = 1;
				DEVELOPMENT_ASSET_PATHS = "\"ledController/Preview Content\"";
				ENABLE_PREVIEWS = YES;
				GENERATE_INFOPLIST_FILE = YES;
				INFOPLIST_KEY_UIApplicationSceneManifest_Generation = YES;
				INFOPLIST_KEY_UIApplicationSupportsIndirectInputEvents = YES;
				INFOPLIST_KEY_UILaunchScreen_Generation = YES;
				INFOPLIST_KEY_UISupportedInterfaceOrientations_iPad = "UIInterfaceOrientationPortrait UIInterfaceOrientationPortraitUpsideDown UIInterfaceOrientationLandscapeLeft UIInterfaceOrientationLandscapeRight";
				INFOPLIST_KEY_UISupportedInterfaceOrientations_iPhone = "UIInterfaceOrientationPortrait UIInterfaceOrientationLandscapeLeft UIInterfaceOrientationLandscapeRight";
				LD_RUNPATH_SEARCH_PATHS = (
					"$(inherited)",
					"@executable_path/Frameworks",
				);
				MARKETING_VERSION = 1.0;
				PRODUCT_BUNDLE_IDENTIFIER = CSCI598.ledController;
				PRODUCT_NAME = "$(TARGET_NAME)";
				SWIFT_EMIT_LOC_STRINGS = YES;
				SWIFT_VERSION = 5.0;
				TARGETED_DEVICE_FAMILY = "1,2";
			};
			name = Debug;
		};
		A5161A792A09A95F00D77666 /* Release */ = {
			isa = XCBuildConfiguration;
			buildSettings = {
				ASSETCATALOG_COMPILER_APPICON_NAME = AppIcon;
				ASSETCATALOG_COMPILER_GLOBAL_ACCENT_COLOR_NAME = AccentColor;
				CODE_SIGN_STYLE = Automatic;
				CURRENT_PROJECT_VERSION = 1;
				DEVELOPMENT_ASSET_PATHS = "\"ledController/Preview Content\"";
				ENABLE_PREVIEWS = YES;
				GENERATE_INFOPLIST_FILE = YES;
				INFOPLIST_KEY_UIApplicationSceneManifest_Generation = YES;
				INFOPLIST_KEY_UIApplicationSupportsIndirectInputEvents = YES;
				INFOPLIST_KEY_UILaunchScreen_Generation = YES;
				INFOPLIST_KEY_UISupportedInterfaceOrientations_iPad = "UIInterfaceOrientationPortrait UIInterfaceOrientationPortraitUpsideDown UIInterfaceOrientationLandscapeLeft UIInterfaceOrientationLandscapeRight";
				INFOPLIST_KEY_UISupportedInterfaceOrientations_iPhone = "UIInterfaceOrientationPortrait UIInterfaceOrientationLandscapeLeft UIInterfaceOrientationLandscapeRight";
				LD_RUNPATH_SEARCH_PATHS = (
					"$(inherited)",
					"@executable_path/Frameworks",
				);
				MARKETING_VERSION = 1.0;
				PRODUCT_BUNDLE_IDENTIFIER = CSCI598.ledController;
				PRODUCT_NAME = "$(TARGET_NAME)";
				SWIFT_EMIT_LOC_STRINGS = YES;
				SWIFT_VERSION = 5.0;
				TARGETED_DEVICE_FAMILY = "1,2";
			};
			name = Release;
		};
		A5161A7B2A09A95F00D77666 /* Debug */ = {
			isa = XCBuildConfiguration;
			buildSettings = {
				ALWAYS_EMBED_SWIFT_STANDARD_LIBRARIES = YES;
				BUNDLE_LOADER = "$(TEST_HOST)";
				CODE_SIGN_STYLE = Automatic;
				CURRENT_PROJECT_VERSION = 1;
				GENERATE_INFOPLIST_FILE = YES;
				IPHONEOS_DEPLOYMENT_TARGET = 16.4;
				MARKETING_VERSION = 1.0;
				PRODUCT_BUNDLE_IDENTIFIER = CSCI598.ledControllerTests;
				PRODUCT_NAME = "$(TARGET_NAME)";
				SWIFT_EMIT_LOC_STRINGS = NO;
				SWIFT_VERSION = 5.0;
				TARGETED_DEVICE_FAMILY = "1,2";
				TEST_HOST = "$(BUILT_PRODUCTS_DIR)/ledController.app/$(BUNDLE_EXECUTABLE_FOLDER_PATH)/ledController";
			};
			name = Debug;
		};
		A5161A7C2A09A95F00D77666 /* Release */ = {
			isa = XCBuildConfiguration;
			buildSettings = {
				ALWAYS_EMBED_SWIFT_STANDARD_LIBRARIES = YES;
				BUNDLE_LOADER = "$(TEST_HOST)";
				CODE_SIGN_STYLE = Automatic;
				CURRENT_PROJECT_VERSION = 1;
				GENERATE_INFOPLIST_FILE = YES;
				IPHONEOS_DEPLOYMENT_TARGET = 16.4;
				MARKETING_VERSION = 1.0;
				PRODUCT_BUNDLE_IDENTIFIER = CSCI598.ledControllerTests;
				PRODUCT_NAME = "$(TARGET_NAME)";
				SWIFT_EMIT_LOC_STRINGS = NO;
				SWIFT_VERSION = 5.0;
				TARGETED_DEVICE_FAMILY = "1,2";
				TEST_HOST = "$(BUILT_PRODUCTS_DIR)/ledController.app/$(BUNDLE_EXECUTABLE_FOLDER_PATH)/ledController";
			};
			name = Release;
		};
		A5161A7E2A09A95F00D77666 /* Debug */ = {
			isa = XCBuildConfiguration;
			buildSettings = {
				ALWAYS_EMBED_SWIFT_STANDARD_LIBRARIES = YES;
				CODE_SIGN_STYLE = Automatic;
				CURRENT_PROJECT_VERSION = 1;
				GENERATE_INFOPLIST_FILE = YES;
				MARKETING_VERSION = 1.0;
				PRODUCT_BUNDLE_IDENTIFIER = CSCI598.ledControllerUITests;
				PRODUCT_NAME = "$(TARGET_NAME)";
				SWIFT_EMIT_LOC_STRINGS = NO;
				SWIFT_VERSION = 5.0;
				TARGETED_DEVICE_FAMILY = "1,2";
				TEST_TARGET_NAME = ledController;
			};
			name = Debug;
		};
		A5161A7F2A09A95F00D77666 /* Release */ = {
			isa = XCBuildConfiguration;
			buildSettings = {
				ALWAYS_EMBED_SWIFT_STANDARD_LIBRARIES = YES;
				CODE_SIGN_STYLE = Automatic;
				CURRENT_PROJECT_VERSION = 1;
				GENERATE_INFOPLIST_FILE = YES;
				MARKETING_VERSION = 1.0;
				PRODUCT_BUNDLE_IDENTIFIER = CSCI598.ledControllerUITests;
				PRODUCT_NAME = "$(TARGET_NAME)";
				SWIFT_EMIT_LOC_STRINGS = NO;
				SWIFT_VERSION = 5.0;
				TARGETED_DEVICE_FAMILY = "1,2";
				TEST_TARGET_NAME = ledController;
			};
			name = Release;
		};
/* End XCBuildConfiguration section */

/* Begin XCConfigurationList section */
		A5161A4E2A09A95D00D77666 /* Build configuration list for PBXProject "ledController" */ = {
			isa = XCConfigurationList;
			buildConfigurations = (
				A5161A752A09A95F00D77666 /* Debug */,
				A5161A762A09A95F00D77666 /* Release */,
			);
			defaultConfigurationIsVisible = 0;
			defaultConfigurationName = Release;
		};
		A5161A772A09A95F00D77666 /* Build configuration list for PBXNativeTarget "ledController" */ = {
			isa = XCConfigurationList;
			buildConfigurations = (
				A5161A782A09A95F00D77666 /* Debug */,
				A5161A792A09A95F00D77666 /* Release */,
			);
			defaultConfigurationIsVisible = 0;
			defaultConfigurationName = Release;
		};
		A5161A7A2A09A95F00D77666 /* Build configuration list for PBXNativeTarget "ledControllerTests" */ = {
			isa = XCConfigurationList;
			buildConfigurations = (
				A5161A7B2A09A95F00D77666 /* Debug */,
				A5161A7C2A09A95F00D77666 /* Release */,
			);
			defaultConfigurationIsVisible = 0;
			defaultConfigurationName = Release;
		};
		A5161A7D2A09A95F00D77666 /* Build configuration list for PBXNativeTarget "ledControllerUITests" */ = {
			isa = XCConfigurationList;
			buildConfigurations = (
				A5161A7E2A09A95F00D77666 /* Debug */,
				A5161A7F2A09A95F00D77666 /* Release */,
			);
			defaultConfigurationIsVisible = 0;
			defaultConfigurationName = Release;
		};
/* End XCConfigurationList section */

/* Begin XCRemoteSwiftPackageReference section */
		A5161A8D2A09ADD500D77666 /* XCRemoteSwiftPackageReference "aws-sdk-ios-spm" */ = {
			isa = XCRemoteSwiftPackageReference;
			repositoryURL = "https://github.com/aws-amplify/aws-sdk-ios-spm";
			requirement = {
				kind = upToNextMajorVersion;
				minimumVersion = 2.0.0;
			};
		};
/* End XCRemoteSwiftPackageReference section */

/* Begin XCSwiftPackageProductDependency section */
		A5161A8E2A09ADD500D77666 /* AWSCore */ = {
			isa = XCSwiftPackageProductDependency;
			package = A5161A8D2A09ADD500D77666 /* XCRemoteSwiftPackageReference "aws-sdk-ios-spm" */;
			productName = AWSCore;
		};
		A5161A902A09ADD500D77666 /* AWSIoT */ = {
			isa = XCSwiftPackageProductDependency;
			package = A5161A8D2A09ADD500D77666 /* XCRemoteSwiftPackageReference "aws-sdk-ios-spm" */;
			productName = AWSIoT;
		};
/* End XCSwiftPackageProductDependency section */
	};
	rootObject = A5161A4B2A09A95D00D77666 /* Project object */;
}
